// !$*UTF8*$!
{
	archiveVersion = 1;
	classes = {
	};
	objectVersion = 46;
	objects = {

/* Begin PBXBuildFile section */
		48D1ECC01CB77A6A007CAB28 /* main.cpp in Sources */ = {isa = PBXBuildFile; fileRef = 48D1ECBF1CB77A6A007CAB28 /* main.cpp */; };
/* End PBXBuildFile section */

/* Begin PBXCopyFilesBuildPhase section */
		48D1ECBA1CB77A6A007CAB28 /* CopyFiles */ = {
			isa = PBXCopyFilesBuildPhase;
			buildActionMask = 2147483647;
			dstPath = /usr/share/man/man1/;
			dstSubfolderSpec = 0;
			files = (
			);
			runOnlyForDeploymentPostprocessing = 1;
		};
/* End PBXCopyFilesBuildPhase section */

/* Begin PBXFileReference section */
		48D1ECBC1CB77A6A007CAB28 /* Phone number to phone letter */ = {isa = PBXFileReference; explicitFileType = "compiled.mach-o.executable"; includeInIndex = 0; path = "Phone number to phone letter"; sourceTree = BUILT_PRODUCTS_DIR; };
		48D1ECBF1CB77A6A007CAB28 /* main.cpp */ = {isa = PBXFileReference; lastKnownFileType = sourcecode.cpp.cpp; path = main.cpp; sourceTree = "<group>"; };
/* End PBXFileReference section */

/* Begin PBXFrameworksBuildPhase section */
		48D1ECB91CB77A6A007CAB28 /* Frameworks */ = {
			isa = PBXFrameworksBuildPhase;
			buildActionMask = 2147483647;
			files = (
			);
			runOnlyForDeploymentPostprocessing = 0;
		};
/* End PBXFrameworksBuildPhase section */

/* Begin PBXGroup section */
		48D1ECB31CB77A6A007CAB28 = {
			isa = PBXGroup;
			children = (
				48D1ECBE1CB77A6A007CAB28 /* Phone number to phone letter */,
				48D1ECBD1CB77A6A007CAB28 /* Products */,
			);
			sourceTree = "<group>";
		};
		48D1ECBD1CB77A6A007CAB28 /* Products */ = {
			isa = PBXGroup;
			children = (
				48D1ECBC1CB77A6A007CAB28 /* Phone number to phone letter */,
			);
			name = Products;
			sourceTree = "<group>";
		};
		48D1ECBE1CB77A6A007CAB28 /* Phone number to phone letter */ = {
			isa = PBXGroup;
			children = (
				48D1ECBF1CB77A6A007CAB28 /* main.cpp */,
			);
			path = "Phone number to phone letter";
			sourceTree = "<group>";
		};
/* End PBXGroup section */

/* Begin PBXNativeTarget section */
		48D1ECBB1CB77A6A007CAB28 /* Phone number to phone letter */ = {
			isa = PBXNativeTarget;
			buildConfigurationList = 48D1ECC31CB77A6A007CAB28 /* Build configuration list for PBXNativeTarget "Phone number to phone letter" */;
			buildPhases = (
				48D1ECB81CB77A6A007CAB28 /* Sources */,
				48D1ECB91CB77A6A007CAB28 /* Frameworks */,
				48D1ECBA1CB77A6A007CAB28 /* CopyFiles */,
			);
			buildRules = (
			);
			dependencies = (
			);
			name = "Phone number to phone letter";
			productName = "Phone number to phone letter";
			productReference = 48D1ECBC1CB77A6A007CAB28 /* Phone number to phone letter */;
			productType = "com.apple.product-type.tool";
		};
/* End PBXNativeTarget section */

/* Begin PBXProject section */
		48D1ECB41CB77A6A007CAB28 /* Project object */ = {
			isa = PBXProject;
			attributes = {
				LastUpgradeCheck = 0730;
				ORGANIZATIONNAME = "Eben Schumann";
				TargetAttributes = {
					48D1ECBB1CB77A6A007CAB28 = {
						CreatedOnToolsVersion = 7.3;
					};
				};
			};
			buildConfigurationList = 48D1ECB71CB77A6A007CAB28 /* Build configuration list for PBXProject "Phone number to phone letter" */;
			compatibilityVersion = "Xcode 3.2";
			developmentRegion = English;
			hasScannedForEncodings = 0;
			knownRegions = (
				en,
			);
			mainGroup = 48D1ECB31CB77A6A007CAB28;
			productRefGroup = 48D1ECBD1CB77A6A007CAB28 /* Products */;
			projectDirPath = "";
			projectRoot = "";
			targets = (
				48D1ECBB1CB77A6A007CAB28 /* Phone number to phone letter */,
			);
		};
/* End PBXProject section */

/* Begin PBXSourcesBuildPhase section */
		48D1ECB81CB77A6A007CAB28 /* Sources */ = {
			isa = PBXSourcesBuildPhase;
			buildActionMask = 2147483647;
			files = (
				48D1ECC01CB77A6A007CAB28 /* main.cpp in Sources */,
			);
			runOnlyForDeploymentPostprocessing = 0;
		};
/* End PBXSourcesBuildPhase section */

/* Begin XCBuildConfiguration section */
		48D1ECC11CB77A6A007CAB28 /* Debug */ = {
			isa = XCBuildConfiguration;
			buildSettings = {
				ALWAYS_SEARCH_USER_PATHS = NO;
				CLANG_ANALYZER_NONNULL = YES;
				CLANG_CXX_LANGUAGE_STANDARD = "gnu++0x";
				CLANG_CXX_LIBRARY = "libc++";
				CLANG_ENABLE_MODULES = YES;
				CLANG_ENABLE_OBJC_ARC = YES;
				CLANG_WARN_BOOL_CONVERSION = YES;
				CLANG_WARN_CONSTANT_CONVERSION = YES;
				CLANG_WARN_DIRECT_OBJC_ISA_USAGE = YES_ERROR;
				CLANG_WARN_EMPTY_BODY = YES;
				CLANG_WARN_ENUM_CONVERSION = YES;
				CLANG_WARN_INT_CONVERSION = YES;
				CLANG_WARN_OBJC_ROOT_CLASS = YES_ERROR;
				CLANG_WARN_UNREACHABLE_CODE = YES;
				CLANG_WARN__DUPLICATE_METHOD_MATCH = YES;
				CODE_SIGN_IDENTITY = "-";
				COPY_PHASE_STRIP = NO;
				DEBUG_INFORMATION_FORMAT = dwarf;
				ENABLE_STRICT_OBJC_MSGSEND = YES;
				ENABLE_TESTABILITY = YES;
				GCC_C_LANGUAGE_STANDARD = gnu99;
				GCC_DYNAMIC_NO_PIC = NO;
				GCC_NO_COMMON_BLOCKS = YES;
				GCC_OPTIMIZATION_LEVEL = 0;
				GCC_PREPROCESSOR_DEFINITIONS = (
					"DEBUG=1",
					"$(inherited)",
				);
				GCC_WARN_64_TO_32_BIT_CONVERSION = YES;
				GCC_WARN_ABOUT_RETURN_TYPE = YES_ERROR;
				GCC_WARN_UNDECLARED_SELECTOR = YES;
				GCC_WARN_UNINITIALIZED_AUTOS = YES_AGGRESSIVE;
				GCC_WARN_UNUSED_FUNCTION = YES;
				GCC_WARN_UNUSED_VARIABLE = YES;
				MACOSX_DEPLOYMENT_TARGET = 10.11;
				MTL_ENABLE_DEBUG_INFO = YES;
				ONLY_ACTIVE_ARCH = YES;
				SDKROOT = macosx;
			};
			name = Debug;
		};
		48D1ECC21CB77A6A007CAB28 /* Release */ = {
			isa = XCBuildConfiguration;
			buildSettings = {
				ALWAYS_SEARCH_USER_PATHS = NO;
				CLANG_ANALYZER_NONNULL = YES;
				CLANG_CXX_LANGUAGE_STANDARD = "gnu++0x";
				CLANG_CXX_LIBRARY = "libc++";
				CLANG_ENABLE_MODULES = YES;
				CLANG_ENABLE_OBJC_ARC = YES;
				CLANG_WARN_BOOL_CONVERSION = YES;
				CLANG_WARN_CONSTANT_CONVERSION = YES;
				CLANG_WARN_DIRECT_OBJC_ISA_USAGE = YES_ERROR;
				CLANG_WARN_EMPTY_BODY = YES;
				CLANG_WARN_ENUM_CONVERSION = YES;
				CLANG_WARN_INT_CONVERSION = YES;
				CLANG_WARN_OBJC_ROOT_CLASS = YES_ERROR;
				CLANG_WARN_UNREACHABLE_CODE = YES;
				CLANG_WARN__DUPLICATE_METHOD_MATCH = YES;
				CODE_SIGN_IDENTITY = "-";
				COPY_PHASE_STRIP = NO;
				DEBUG_INFORMATION_FORMAT = "dwarf-with-dsym";
				ENABLE_NS_ASSERTIONS = NO;
				ENABLE_STRICT_OBJC_MSGSEND = YES;
				GCC_C_LANGUAGE_STANDARD = gnu99;
				GCC_NO_COMMON_BLOCKS = YES;
				GCC_WARN_64_TO_32_BIT_CONVERSION = YES;
				GCC_WARN_ABOUT_RETURN_TYPE = YES_ERROR;
				GCC_WARN_UNDECLARED_SELECTOR = YES;
				GCC_WARN_UNINITIALIZED_AUTOS = YES_AGGRESSIVE;
				GCC_WARN_UNUSED_FUNCTION = YES;
				GCC_WARN_UNUSED_VARIABLE = YES;
				MACOSX_DEPLOYMENT_TARGET = 10.11;
				MTL_ENABLE_DEBUG_INFO = NO;
				SDKROOT = macosx;
			};
			name = Release;
		};
		48D1ECC41CB77A6A007CAB28 /* Debug */ = {
			isa = XCBuildConfiguration;
			buildSettings = {
				PRODUCT_NAME = "$(TARGET_NAME)";
			};
			name = Debug;
		};
		48D1ECC51CB77A6A007CAB28 /* Release */ = {
			isa = XCBuildConfiguration;
			buildSettings = {
				PRODUCT_NAME = "$(TARGET_NAME)";
			};
			name = Release;
		};
/* End XCBuildConfiguration section */

/* Begin XCConfigurationList section */
		48D1ECB71CB77A6A007CAB28 /* Build configuration list for PBXProject "Phone number to phone letter" */ = {
			isa = XCConfigurationList;
			buildConfigurations = (
				48D1ECC11CB77A6A007CAB28 /* Debug */,
				48D1ECC21CB77A6A007CAB28 /* Release */,
			);
			defaultConfigurationIsVisible = 0;
			defaultConfigurationName = Release;
		};
		48D1ECC31CB77A6A007CAB28 /* Build configuration list for PBXNativeTarget "Phone number to phone letter" */ = {
			isa = XCConfigurationList;
			buildConfigurations = (
				48D1ECC41CB77A6A007CAB28 /* Debug */,
				48D1ECC51CB77A6A007CAB28 /* Release */,
			);
			defaultConfigurationIsVisible = 0;
		};
/* End XCConfigurationList section */
	};
	rootObject = 48D1ECB41CB77A6A007CAB28 /* Project object */;
}
