// !$*UTF8*$!
{
	archiveVersion = 1;
	classes = {
	};
	objectVersion = 46;
	objects = {

/* Begin PBXBuildFile section */
		48A8AC131CB76F7600D9868D /* main.cpp in Sources */ = {isa = PBXBuildFile; fileRef = 48A8AC121CB76F7600D9868D /* main.cpp */; };
/* End PBXBuildFile section */

/* Begin PBXCopyFilesBuildPhase section */
		48A8AC0D1CB76F7600D9868D /* CopyFiles */ = {
			isa = PBXCopyFilesBuildPhase;
			buildActionMask = 2147483647;
			dstPath = /usr/share/man/man1/;
			dstSubfolderSpec = 0;
			files = (
			);
			runOnlyForDeploymentPostprocessing = 1;
		};
/* End PBXCopyFilesBuildPhase section */

/* Begin PBXFileReference section */
		48A8AC0F1CB76F7600D9868D /* Letter grade to number */ = {isa = PBXFileReference; explicitFileType = "compiled.mach-o.executable"; includeInIndex = 0; path = "Letter grade to number"; sourceTree = BUILT_PRODUCTS_DIR; };
		48A8AC121CB76F7600D9868D /* main.cpp */ = {isa = PBXFileReference; lastKnownFileType = sourcecode.cpp.cpp; path = main.cpp; sourceTree = "<group>"; };
/* End PBXFileReference section */

/* Begin PBXFrameworksBuildPhase section */
		48A8AC0C1CB76F7600D9868D /* Frameworks */ = {
			isa = PBXFrameworksBuildPhase;
			buildActionMask = 2147483647;
			files = (
			);
			runOnlyForDeploymentPostprocessing = 0;
		};
/* End PBXFrameworksBuildPhase section */

/* Begin PBXGroup section */
		48A8AC061CB76F7600D9868D = {
			isa = PBXGroup;
			children = (
				48A8AC111CB76F7600D9868D /* Letter grade to number */,
				48A8AC101CB76F7600D9868D /* Products */,
			);
			sourceTree = "<group>";
		};
		48A8AC101CB76F7600D9868D /* Products */ = {
			isa = PBXGroup;
			children = (
				48A8AC0F1CB76F7600D9868D /* Letter grade to number */,
			);
			name = Products;
			sourceTree = "<group>";
		};
		48A8AC111CB76F7600D9868D /* Letter grade to number */ = {
			isa = PBXGroup;
			children = (
				48A8AC121CB76F7600D9868D /* main.cpp */,
			);
			path = "Letter grade to number";
			sourceTree = "<group>";
		};
/* End PBXGroup section */

/* Begin PBXNativeTarget section */
		48A8AC0E1CB76F7600D9868D /* Letter grade to number */ = {
			isa = PBXNativeTarget;
			buildConfigurationList = 48A8AC161CB76F7600D9868D /* Build configuration list for PBXNativeTarget "Letter grade to number" */;
			buildPhases = (
				48A8AC0B1CB76F7600D9868D /* Sources */,
				48A8AC0C1CB76F7600D9868D /* Frameworks */,
				48A8AC0D1CB76F7600D9868D /* CopyFiles */,
			);
			buildRules = (
			);
			dependencies = (
			);
			name = "Letter grade to number";
			productName = "Letter grade to number";
			productReference = 48A8AC0F1CB76F7600D9868D /* Letter grade to number */;
			productType = "com.apple.product-type.tool";
		};
/* End PBXNativeTarget section */

/* Begin PBXProject section */
		48A8AC071CB76F7600D9868D /* Project object */ = {
			isa = PBXProject;
			attributes = {
				LastUpgradeCheck = 0730;
				ORGANIZATIONNAME = "Eben Schumann";
				TargetAttributes = {
					48A8AC0E1CB76F7600D9868D = {
						CreatedOnToolsVersion = 7.3;
					};
				};
			};
			buildConfigurationList = 48A8AC0A1CB76F7600D9868D /* Build configuration list for PBXProject "Letter grade to number" */;
			compatibilityVersion = "Xcode 3.2";
			developmentRegion = English;
			hasScannedForEncodings = 0;
			knownRegions = (
				en,
			);
			mainGroup = 48A8AC061CB76F7600D9868D;
			productRefGroup = 48A8AC101CB76F7600D9868D /* Products */;
			projectDirPath = "";
			projectRoot = "";
			targets = (
				48A8AC0E1CB76F7600D9868D /* Letter grade to number */,
			);
		};
/* End PBXProject section */

/* Begin PBXSourcesBuildPhase section */
		48A8AC0B1CB76F7600D9868D /* Sources */ = {
			isa = PBXSourcesBuildPhase;
			buildActionMask = 2147483647;
			files = (
				48A8AC131CB76F7600D9868D /* main.cpp in Sources */,
			);
			runOnlyForDeploymentPostprocessing = 0;
		};
/* End PBXSourcesBuildPhase section */

/* Begin XCBuildConfiguration section */
		48A8AC141CB76F7600D9868D /* Debug */ = {
			isa = XCBuildConfiguration;
			buildSettings = {
				ALWAYS_SEARCH_USER_PATHS = NO;
				CLANG_ANALYZER_NONNULL = YES;
				CLANG_CXX_LANGUAGE_STANDARD = "gnu++0x";
				CLANG_CXX_LIBRARY = "libc++";
				CLANG_ENABLE_MODULES = YES;
				CLANG_ENABLE_OBJC_ARC = YES;
				CLANG_WARN_BOOL_CONVERSION = YES;
				CLANG_WARN_CONSTANT_CONVERSION = YES;
				CLANG_WARN_DIRECT_OBJC_ISA_USAGE = YES_ERROR;
				CLANG_WARN_EMPTY_BODY = YES;
				CLANG_WARN_ENUM_CONVERSION = YES;
				CLANG_WARN_INT_CONVERSION = YES;
				CLANG_WARN_OBJC_ROOT_CLASS = YES_ERROR;
				CLANG_WARN_UNREACHABLE_CODE = YES;
				CLANG_WARN__DUPLICATE_METHOD_MATCH = YES;
				CODE_SIGN_IDENTITY = "-";
				COPY_PHASE_STRIP = NO;
				DEBUG_INFORMATION_FORMAT = dwarf;
				ENABLE_STRICT_OBJC_MSGSEND = YES;
				ENABLE_TESTABILITY = YES;
				GCC_C_LANGUAGE_STANDARD = gnu99;
				GCC_DYNAMIC_NO_PIC = NO;
				GCC_NO_COMMON_BLOCKS = YES;
				GCC_OPTIMIZATION_LEVEL = 0;
				GCC_PREPROCESSOR_DEFINITIONS = (
					"DEBUG=1",
					"$(inherited)",
				);
				GCC_WARN_64_TO_32_BIT_CONVERSION = YES;
				GCC_WARN_ABOUT_RETURN_TYPE = YES_ERROR;
				GCC_WARN_UNDECLARED_SELECTOR = YES;
				GCC_WARN_UNINITIALIZED_AUTOS = YES_AGGRESSIVE;
				GCC_WARN_UNUSED_FUNCTION = YES;
				GCC_WARN_UNUSED_VARIABLE = YES;
				MACOSX_DEPLOYMENT_TARGET = 10.11;
				MTL_ENABLE_DEBUG_INFO = YES;
				ONLY_ACTIVE_ARCH = YES;
				SDKROOT = macosx;
			};
			name = Debug;
		};
		48A8AC151CB76F7600D9868D /* Release */ = {
			isa = XCBuildConfiguration;
			buildSettings = {
				ALWAYS_SEARCH_USER_PATHS = NO;
				CLANG_ANALYZER_NONNULL = YES;
				CLANG_CXX_LANGUAGE_STANDARD = "gnu++0x";
				CLANG_CXX_LIBRARY = "libc++";
				CLANG_ENABLE_MODULES = YES;
				CLANG_ENABLE_OBJC_ARC = YES;
				CLANG_WARN_BOOL_CONVERSION = YES;
				CLANG_WARN_CONSTANT_CONVERSION = YES;
				CLANG_WARN_DIRECT_OBJC_ISA_USAGE = YES_ERROR;
				CLANG_WARN_EMPTY_BODY = YES;
				CLANG_WARN_ENUM_CONVERSION = YES;
				CLANG_WARN_INT_CONVERSION = YES;
				CLANG_WARN_OBJC_ROOT_CLASS = YES_ERROR;
				CLANG_WARN_UNREACHABLE_CODE = YES;
				CLANG_WARN__DUPLICATE_METHOD_MATCH = YES;
				CODE_SIGN_IDENTITY = "-";
				COPY_PHASE_STRIP = NO;
				DEBUG_INFORMATION_FORMAT = "dwarf-with-dsym";
				ENABLE_NS_ASSERTIONS = NO;
				ENABLE_STRICT_OBJC_MSGSEND = YES;
				GCC_C_LANGUAGE_STANDARD = gnu99;
				GCC_NO_COMMON_BLOCKS = YES;
				GCC_WARN_64_TO_32_BIT_CONVERSION = YES;
				GCC_WARN_ABOUT_RETURN_TYPE = YES_ERROR;
				GCC_WARN_UNDECLARED_SELECTOR = YES;
				GCC_WARN_UNINITIALIZED_AUTOS = YES_AGGRESSIVE;
				GCC_WARN_UNUSED_FUNCTION = YES;
				GCC_WARN_UNUSED_VARIABLE = YES;
				MACOSX_DEPLOYMENT_TARGET = 10.11;
				MTL_ENABLE_DEBUG_INFO = NO;
				SDKROOT = macosx;
			};
			name = Release;
		};
		48A8AC171CB76F7600D9868D /* Debug */ = {
			isa = XCBuildConfiguration;
			buildSettings = {
				PRODUCT_NAME = "$(TARGET_NAME)";
			};
			name = Debug;
		};
		48A8AC181CB76F7600D9868D /* Release */ = {
			isa = XCBuildConfiguration;
			buildSettings = {
				PRODUCT_NAME = "$(TARGET_NAME)";
			};
			name = Release;
		};
/* End XCBuildConfiguration section */

/* Begin XCConfigurationList section */
		48A8AC0A1CB76F7600D9868D /* Build configuration list for PBXProject "Letter grade to number" */ = {
			isa = XCConfigurationList;
			buildConfigurations = (
				48A8AC141CB76F7600D9868D /* Debug */,
				48A8AC151CB76F7600D9868D /* Release */,
			);
			defaultConfigurationIsVisible = 0;
			defaultConfigurationName = Release;
		};
		48A8AC161CB76F7600D9868D /* Build configuration list for PBXNativeTarget "Letter grade to number" */ = {
			isa = XCConfigurationList;
			buildConfigurations = (
				48A8AC171CB76F7600D9868D /* Debug */,
				48A8AC181CB76F7600D9868D /* Release */,
			);
			defaultConfigurationIsVisible = 0;
		};
/* End XCConfigurationList section */
	};
	rootObject = 48A8AC071CB76F7600D9868D /* Project object */;
}
